# THIS IS AN AUTOGENERATED FILE. DO NOT EDIT THIS FILE DIRECTLY.
# yarn lockfile v1


babel-plugin-module-alias@^1.6.0:
  version "1.6.0"
  resolved "https://npm-registry.corp.stripe.com/b/babel-plugin-module-alias/_attachments/babel-plugin-module-alias-1.6.0.tgz#df7e3aaba3544f4c06a9d3314a26bbbff6d87b61"
